
Microsoft Visual Studio Solution File, Format Version 12.00
# Visual Studio 15
VisualStudioVersion = 15.0.28307.329
MinimumVisualStudioVersion = 10.0.40219.1
Project("{FAE04EC0-301F-11D3-BF4B-00C04F79EFBC}") = "flow", "flow\flow.csproj", "{78A293D2-9C84-4D0D-9A80-987320FD69A6}"
EndProject
Global
	GlobalSection(SolutionConfigurationPlatforms) = preSolution
		Debug|Any CPU = Debug|Any CPU
		Release|Any CPU = Release|Any CPU
	EndGlobalSection
	GlobalSection(ProjectConfigurationPlatforms) = postSolution
		{78A293D2-9C84-4D0D-9A80-987320FD69A6}.Debug|Any CPU.ActiveCfg = Debug|Any CPU
		{78A293D2-9C84-4D0D-9A80-987320FD69A6}.Debug|Any CPU.Build.0 = Debug|Any CPU
		{78A293D2-9C84-4D0D-9A80-987320FD69A6}.Release|Any CPU.ActiveCfg = Release|Any CPU
		{78A293D2-9C84-4D0D-9A80-987320FD69A6}.Release|Any CPU.Build.0 = Release|Any CPU
	EndGlobalSection
	GlobalSection(SolutionProperties) = preSolution
		HideSolutionNode = FALSE
	EndGlobalSection
	GlobalSection(ExtensibilityGlobals) = postSolution
		SolutionGuid = {D50C4F09-51DE-4EE4-AA8A-A993ECD4B491}
	EndGlobalSection
EndGlobal
